# This file was autogenerated by Stack.
# You should not edit this file by hand.
# For more information, please see the documentation at:
#   https://docs.haskellstack.org/en/stable/lock_files

packages:
- completed:
    hackage: monadplus-1.4.3@sha256:af44a5abdce229908e4ce92b27266a09551603c31048fd3b67a3d00f513bff9c,993
    pantry-tree:
      sha256: 17541d527ae1c853bda7e2214e12cd8056934f16bc82d4776c60a0c14d91210a
      size: 298
  original:
    hackage: monadplus-1.4.3@sha256:af44a5abdce229908e4ce92b27266a09551603c31048fd3b67a3d00f513bff9c,993
snapshots:
- completed:
    sha256: afd5ba64ab602cabc2d3942d3d7e7dd6311bc626dcb415b901eaf576cb62f0ea
    size: 640060
    url: https://raw.githubusercontent.com/commercialhaskell/stackage-snapshots/master/lts/21/22.yaml
  original:
    url: https://raw.githubusercontent.com/commercialhaskell/stackage-snapshots/master/lts/21/22.yaml
